
Microsoft Visual Studio Solution File, Format Version 12.00
# Visual Studio 14
VisualStudioVersion = 14.0.25420.1
MinimumVisualStudioVersion = 10.0.40219.1
Project("{FAE04EC0-301F-11D3-BF4B-00C04F79EFBC}") = "Station", "Station\Station.csproj", "{8141755B-42A0-4653-938A-873318B93720}"
EndProject
Project("{8BC9CEB8-8B4A-11D0-8D11-00A0C91BC942}") = "StationCpp", "StationCpp\StationCpp.vcxproj", "{909D867C-1B23-4782-8178-A43204FDFC8F}"
EndProject
Project("{8BC9CEB8-8B4A-11D0-8D11-00A0C91BC942}") = "StationTest", "StationTest\StationTest.vcxproj", "{75D577F2-1E4F-4332-812C-15D427C2B05C}"
EndProject
Global
	GlobalSection(SolutionConfigurationPlatforms) = preSolution
		Debug|Any CPU = Debug|Any CPU
		Debug|x64 = Debug|x64
		Debug|x86 = Debug|x86
		Release|Any CPU = Release|Any CPU
		Release|x64 = Release|x64
		Release|x86 = Release|x86
	EndGlobalSection
	GlobalSection(ProjectConfigurationPlatforms) = postSolution
		{8141755B-42A0-4653-938A-873318B93720}.Debug|Any CPU.ActiveCfg = Debug|Any CPU
		{8141755B-42A0-4653-938A-873318B93720}.Debug|Any CPU.Build.0 = Debug|Any CPU
		{8141755B-42A0-4653-938A-873318B93720}.Debug|x64.ActiveCfg = Debug|Any CPU
		{8141755B-42A0-4653-938A-873318B93720}.Debug|x64.Build.0 = Debug|Any CPU
		{8141755B-42A0-4653-938A-873318B93720}.Debug|x86.ActiveCfg = Debug|Any CPU
		{8141755B-42A0-4653-938A-873318B93720}.Debug|x86.Build.0 = Debug|Any CPU
		{8141755B-42A0-4653-938A-873318B93720}.Release|Any CPU.ActiveCfg = Release|Any CPU
		{8141755B-42A0-4653-938A-873318B93720}.Release|Any CPU.Build.0 = Release|Any CPU
		{8141755B-42A0-4653-938A-873318B93720}.Release|x64.ActiveCfg = Release|Any CPU
		{8141755B-42A0-4653-938A-873318B93720}.Release|x64.Build.0 = Release|Any CPU
		{8141755B-42A0-4653-938A-873318B93720}.Release|x86.ActiveCfg = Release|Any CPU
		{8141755B-42A0-4653-938A-873318B93720}.Release|x86.Build.0 = Release|Any CPU
		{909D867C-1B23-4782-8178-A43204FDFC8F}.Debug|Any CPU.ActiveCfg = Debug|Win32
		{909D867C-1B23-4782-8178-A43204FDFC8F}.Debug|x64.ActiveCfg = Debug|x64
		{909D867C-1B23-4782-8178-A43204FDFC8F}.Debug|x64.Build.0 = Debug|x64
		{909D867C-1B23-4782-8178-A43204FDFC8F}.Debug|x86.ActiveCfg = Debug|Win32
		{909D867C-1B23-4782-8178-A43204FDFC8F}.Debug|x86.Build.0 = Debug|Win32
		{909D867C-1B23-4782-8178-A43204FDFC8F}.Release|Any CPU.ActiveCfg = Release|Win32
		{909D867C-1B23-4782-8178-A43204FDFC8F}.Release|x64.ActiveCfg = Release|x64
		{909D867C-1B23-4782-8178-A43204FDFC8F}.Release|x64.Build.0 = Release|x64
		{909D867C-1B23-4782-8178-A43204FDFC8F}.Release|x86.ActiveCfg = Release|Win32
		{909D867C-1B23-4782-8178-A43204FDFC8F}.Release|x86.Build.0 = Release|Win32
		{75D577F2-1E4F-4332-812C-15D427C2B05C}.Debug|Any CPU.ActiveCfg = Debug|Win32
		{75D577F2-1E4F-4332-812C-15D427C2B05C}.Debug|x64.ActiveCfg = Debug|x64
		{75D577F2-1E4F-4332-812C-15D427C2B05C}.Debug|x64.Build.0 = Debug|x64
		{75D577F2-1E4F-4332-812C-15D427C2B05C}.Debug|x86.ActiveCfg = Debug|Win32
		{75D577F2-1E4F-4332-812C-15D427C2B05C}.Debug|x86.Build.0 = Debug|Win32
		{75D577F2-1E4F-4332-812C-15D427C2B05C}.Release|Any CPU.ActiveCfg = Release|Win32
		{75D577F2-1E4F-4332-812C-15D427C2B05C}.Release|x64.ActiveCfg = Release|x64
		{75D577F2-1E4F-4332-812C-15D427C2B05C}.Release|x64.Build.0 = Release|x64
		{75D577F2-1E4F-4332-812C-15D427C2B05C}.Release|x86.ActiveCfg = Release|Win32
		{75D577F2-1E4F-4332-812C-15D427C2B05C}.Release|x86.Build.0 = Release|Win32
	EndGlobalSection
	GlobalSection(SolutionProperties) = preSolution
		HideSolutionNode = FALSE
	EndGlobalSection
EndGlobal
